
Microsoft Visual Studio Solution File, Format Version 12.00
# Visual Studio 15
VisualStudioVersion = 15.0.27703.2026
MinimumVisualStudioVersion = 10.0.40219.1
Project("{FAE04EC0-301F-11D3-BF4B-00C04F79EFBC}") = "EasyHealthApp.Android", "EasyHealthApp\EasyHealthApp.Android\EasyHealthApp.Android.csproj", "{883AEAB6-8B2F-4A5C-84D8-6E096260E30D}"
EndProject
Project("{FAE04EC0-301F-11D3-BF4B-00C04F79EFBC}") = "EasyHealthApp.iOS", "EasyHealthApp\EasyHealthApp.iOS\EasyHealthApp.iOS.csproj", "{A3FC53E8-7042-4F72-82B8-A3DD511A87B6}"
EndProject
Project("{FAE04EC0-301F-11D3-BF4B-00C04F79EFBC}") = "EasyHealthApp", "EasyHealthApp\EasyHealthApp\EasyHealthApp.csproj", "{CF9B65E2-0939-4C86-B98F-90B3D44265FB}"
EndProject
Global
	GlobalSection(SolutionConfigurationPlatforms) = preSolution
		Ad-Hoc|Any CPU = Ad-Hoc|Any CPU
		Ad-Hoc|iPhone = Ad-Hoc|iPhone
		Ad-Hoc|iPhoneSimulator = Ad-Hoc|iPhoneSimulator
		AppStore|Any CPU = AppStore|Any CPU
		AppStore|iPhone = AppStore|iPhone
		AppStore|iPhoneSimulator = AppStore|iPhoneSimulator
		Debug|Any CPU = Debug|Any CPU
		Debug|iPhone = Debug|iPhone
		Debug|iPhoneSimulator = Debug|iPhoneSimulator
		Release|Any CPU = Release|Any CPU
		Release|iPhone = Release|iPhone
		Release|iPhoneSimulator = Release|iPhoneSimulator
	EndGlobalSection
	GlobalSection(ProjectConfigurationPlatforms) = postSolution
		{883AEAB6-8B2F-4A5C-84D8-6E096260E30D}.Ad-Hoc|Any CPU.ActiveCfg = Release|Any CPU
		{883AEAB6-8B2F-4A5C-84D8-6E096260E30D}.Ad-Hoc|Any CPU.Build.0 = Release|Any CPU
		{883AEAB6-8B2F-4A5C-84D8-6E096260E30D}.Ad-Hoc|Any CPU.Deploy.0 = Release|Any CPU
		{883AEAB6-8B2F-4A5C-84D8-6E096260E30D}.Ad-Hoc|iPhone.ActiveCfg = Release|Any CPU
		{883AEAB6-8B2F-4A5C-84D8-6E096260E30D}.Ad-Hoc|iPhone.Build.0 = Release|Any CPU
		{883AEAB6-8B2F-4A5C-84D8-6E096260E30D}.Ad-Hoc|iPhone.Deploy.0 = Release|Any CPU
		{883AEAB6-8B2F-4A5C-84D8-6E096260E30D}.Ad-Hoc|iPhoneSimulator.ActiveCfg = Release|Any CPU
		{883AEAB6-8B2F-4A5C-84D8-6E096260E30D}.Ad-Hoc|iPhoneSimulator.Build.0 = Release|Any CPU
		{883AEAB6-8B2F-4A5C-84D8-6E096260E30D}.Ad-Hoc|iPhoneSimulator.Deploy.0 = Release|Any CPU
		{883AEAB6-8B2F-4A5C-84D8-6E096260E30D}.AppStore|Any CPU.ActiveCfg = Release|Any CPU
		{883AEAB6-8B2F-4A5C-84D8-6E096260E30D}.AppStore|Any CPU.Build.0 = Release|Any CPU
		{883AEAB6-8B2F-4A5C-84D8-6E096260E30D}.AppStore|Any CPU.Deploy.0 = Release|Any CPU
		{883AEAB6-8B2F-4A5C-84D8-6E096260E30D}.AppStore|iPhone.ActiveCfg = Release|Any CPU
		{883AEAB6-8B2F-4A5C-84D8-6E096260E30D}.AppStore|iPhone.Build.0 = Release|Any CPU
		{883AEAB6-8B2F-4A5C-84D8-6E096260E30D}.AppStore|iPhone.Deploy.0 = Release|Any CPU
		{883AEAB6-8B2F-4A5C-84D8-6E096260E30D}.AppStore|iPhoneSimulator.ActiveCfg = Release|Any CPU
		{883AEAB6-8B2F-4A5C-84D8-6E096260E30D}.AppStore|iPhoneSimulator.Build.0 = Release|Any CPU
		{883AEAB6-8B2F-4A5C-84D8-6E096260E30D}.AppStore|iPhoneSimulator.Deploy.0 = Release|Any CPU
		{883AEAB6-8B2F-4A5C-84D8-6E096260E30D}.Debug|Any CPU.ActiveCfg = Debug|Any CPU
		{883AEAB6-8B2F-4A5C-84D8-6E096260E30D}.Debug|Any CPU.Build.0 = Debug|Any CPU
		{883AEAB6-8B2F-4A5C-84D8-6E096260E30D}.Debug|Any CPU.Deploy.0 = Debug|Any CPU
		{883AEAB6-8B2F-4A5C-84D8-6E096260E30D}.Debug|iPhone.ActiveCfg = Debug|Any CPU
		{883AEAB6-8B2F-4A5C-84D8-6E096260E30D}.Debug|iPhone.Build.0 = Debug|Any CPU
		{883AEAB6-8B2F-4A5C-84D8-6E096260E30D}.Debug|iPhone.Deploy.0 = Debug|Any CPU
		{883AEAB6-8B2F-4A5C-84D8-6E096260E30D}.Debug|iPhoneSimulator.ActiveCfg = Debug|Any CPU
		{883AEAB6-8B2F-4A5C-84D8-6E096260E30D}.Debug|iPhoneSimulator.Build.0 = Debug|Any CPU
		{883AEAB6-8B2F-4A5C-84D8-6E096260E30D}.Debug|iPhoneSimulator.Deploy.0 = Debug|Any CPU
		{883AEAB6-8B2F-4A5C-84D8-6E096260E30D}.Release|Any CPU.ActiveCfg = Release|Any CPU
		{883AEAB6-8B2F-4A5C-84D8-6E096260E30D}.Release|Any CPU.Build.0 = Release|Any CPU
		{883AEAB6-8B2F-4A5C-84D8-6E096260E30D}.Release|Any CPU.Deploy.0 = Release|Any CPU
		{883AEAB6-8B2F-4A5C-84D8-6E096260E30D}.Release|iPhone.ActiveCfg = Release|Any CPU
		{883AEAB6-8B2F-4A5C-84D8-6E096260E30D}.Release|iPhone.Build.0 = Release|Any CPU
		{883AEAB6-8B2F-4A5C-84D8-6E096260E30D}.Release|iPhone.Deploy.0 = Release|Any CPU
		{883AEAB6-8B2F-4A5C-84D8-6E096260E30D}.Release|iPhoneSimulator.ActiveCfg = Release|Any CPU
		{883AEAB6-8B2F-4A5C-84D8-6E096260E30D}.Release|iPhoneSimulator.Build.0 = Release|Any CPU
		{883AEAB6-8B2F-4A5C-84D8-6E096260E30D}.Release|iPhoneSimulator.Deploy.0 = Release|Any CPU
		{A3FC53E8-7042-4F72-82B8-A3DD511A87B6}.Ad-Hoc|Any CPU.ActiveCfg = Ad-Hoc|iPhone
		{A3FC53E8-7042-4F72-82B8-A3DD511A87B6}.Ad-Hoc|Any CPU.Build.0 = Ad-Hoc|iPhone
		{A3FC53E8-7042-4F72-82B8-A3DD511A87B6}.Ad-Hoc|Any CPU.Deploy.0 = Ad-Hoc|iPhone
		{A3FC53E8-7042-4F72-82B8-A3DD511A87B6}.Ad-Hoc|iPhone.ActiveCfg = Ad-Hoc|iPhone
		{A3FC53E8-7042-4F72-82B8-A3DD511A87B6}.Ad-Hoc|iPhone.Build.0 = Ad-Hoc|iPhone
		{A3FC53E8-7042-4F72-82B8-A3DD511A87B6}.Ad-Hoc|iPhone.Deploy.0 = Ad-Hoc|iPhone
		{A3FC53E8-7042-4F72-82B8-A3DD511A87B6}.Ad-Hoc|iPhoneSimulator.ActiveCfg = Ad-Hoc|iPhoneSimulator
		{A3FC53E8-7042-4F72-82B8-A3DD511A87B6}.Ad-Hoc|iPhoneSimulator.Build.0 = Ad-Hoc|iPhoneSimulator
		{A3FC53E8-7042-4F72-82B8-A3DD511A87B6}.Ad-Hoc|iPhoneSimulator.Deploy.0 = Ad-Hoc|iPhoneSimulator
		{A3FC53E8-7042-4F72-82B8-A3DD511A87B6}.AppStore|Any CPU.ActiveCfg = AppStore|iPhone
		{A3FC53E8-7042-4F72-82B8-A3DD511A87B6}.AppStore|Any CPU.Build.0 = AppStore|iPhone
		{A3FC53E8-7042-4F72-82B8-A3DD511A87B6}.AppStore|Any CPU.Deploy.0 = AppStore|iPhone
		{A3FC53E8-7042-4F72-82B8-A3DD511A87B6}.AppStore|iPhone.ActiveCfg = AppStore|iPhone
		{A3FC53E8-7042-4F72-82B8-A3DD511A87B6}.AppStore|iPhone.Build.0 = AppStore|iPhone
		{A3FC53E8-7042-4F72-82B8-A3DD511A87B6}.AppStore|iPhone.Deploy.0 = AppStore|iPhone
		{A3FC53E8-7042-4F72-82B8-A3DD511A87B6}.AppStore|iPhoneSimulator.ActiveCfg = AppStore|iPhoneSimulator
		{A3FC53E8-7042-4F72-82B8-A3DD511A87B6}.AppStore|iPhoneSimulator.Build.0 = AppStore|iPhoneSimulator
		{A3FC53E8-7042-4F72-82B8-A3DD511A87B6}.AppStore|iPhoneSimulator.Deploy.0 = AppStore|iPhoneSimulator
		{A3FC53E8-7042-4F72-82B8-A3DD511A87B6}.Debug|Any CPU.ActiveCfg = Debug|iPhoneSimulator
		{A3FC53E8-7042-4F72-82B8-A3DD511A87B6}.Debug|Any CPU.Build.0 = Debug|iPhoneSimulator
		{A3FC53E8-7042-4F72-82B8-A3DD511A87B6}.Debug|Any CPU.Deploy.0 = Debug|iPhoneSimulator
		{A3FC53E8-7042-4F72-82B8-A3DD511A87B6}.Debug|iPhone.ActiveCfg = Debug|iPhone
		{A3FC53E8-7042-4F72-82B8-A3DD511A87B6}.Debug|iPhone.Build.0 = Debug|iPhone
		{A3FC53E8-7042-4F72-82B8-A3DD511A87B6}.Debug|iPhone.Deploy.0 = Debug|iPhone
		{A3FC53E8-7042-4F72-82B8-A3DD511A87B6}.Debug|iPhoneSimulator.ActiveCfg = Debug|iPhoneSimulator
		{A3FC53E8-7042-4F72-82B8-A3DD511A87B6}.Debug|iPhoneSimulator.Build.0 = Debug|iPhoneSimulator
		{A3FC53E8-7042-4F72-82B8-A3DD511A87B6}.Debug|iPhoneSimulator.Deploy.0 = Debug|iPhoneSimulator
		{A3FC53E8-7042-4F72-82B8-A3DD511A87B6}.Release|Any CPU.ActiveCfg = Release|iPhone
		{A3FC53E8-7042-4F72-82B8-A3DD511A87B6}.Release|Any CPU.Build.0 = Release|iPhone
		{A3FC53E8-7042-4F72-82B8-A3DD511A87B6}.Release|Any CPU.Deploy.0 = Release|iPhone
		{A3FC53E8-7042-4F72-82B8-A3DD511A87B6}.Release|iPhone.ActiveCfg = Release|iPhone
		{A3FC53E8-7042-4F72-82B8-A3DD511A87B6}.Release|iPhone.Build.0 = Release|iPhone
		{A3FC53E8-7042-4F72-82B8-A3DD511A87B6}.Release|iPhone.Deploy.0 = Release|iPhone
		{A3FC53E8-7042-4F72-82B8-A3DD511A87B6}.Release|iPhoneSimulator.ActiveCfg = Release|iPhoneSimulator
		{A3FC53E8-7042-4F72-82B8-A3DD511A87B6}.Release|iPhoneSimulator.Build.0 = Release|iPhoneSimulator
		{A3FC53E8-7042-4F72-82B8-A3DD511A87B6}.Release|iPhoneSimulator.Deploy.0 = Release|iPhoneSimulator
		{CF9B65E2-0939-4C86-B98F-90B3D44265FB}.Ad-Hoc|Any CPU.ActiveCfg = Debug|Any CPU
		{CF9B65E2-0939-4C86-B98F-90B3D44265FB}.Ad-Hoc|Any CPU.Build.0 = Debug|Any CPU
		{CF9B65E2-0939-4C86-B98F-90B3D44265FB}.Ad-Hoc|Any CPU.Deploy.0 = Debug|Any CPU
		{CF9B65E2-0939-4C86-B98F-90B3D44265FB}.Ad-Hoc|iPhone.ActiveCfg = Debug|Any CPU
		{CF9B65E2-0939-4C86-B98F-90B3D44265FB}.Ad-Hoc|iPhone.Build.0 = Debug|Any CPU
		{CF9B65E2-0939-4C86-B98F-90B3D44265FB}.Ad-Hoc|iPhone.Deploy.0 = Debug|Any CPU
		{CF9B65E2-0939-4C86-B98F-90B3D44265FB}.Ad-Hoc|iPhoneSimulator.ActiveCfg = Debug|Any CPU
		{CF9B65E2-0939-4C86-B98F-90B3D44265FB}.Ad-Hoc|iPhoneSimulator.Build.0 = Debug|Any CPU
		{CF9B65E2-0939-4C86-B98F-90B3D44265FB}.Ad-Hoc|iPhoneSimulator.Deploy.0 = Debug|Any CPU
		{CF9B65E2-0939-4C86-B98F-90B3D44265FB}.AppStore|Any CPU.ActiveCfg = Debug|Any CPU
		{CF9B65E2-0939-4C86-B98F-90B3D44265FB}.AppStore|Any CPU.Build.0 = Debug|Any CPU
		{CF9B65E2-0939-4C86-B98F-90B3D44265FB}.AppStore|Any CPU.Deploy.0 = Debug|Any CPU
		{CF9B65E2-0939-4C86-B98F-90B3D44265FB}.AppStore|iPhone.ActiveCfg = Debug|Any CPU
		{CF9B65E2-0939-4C86-B98F-90B3D44265FB}.AppStore|iPhone.Build.0 = Debug|Any CPU
		{CF9B65E2-0939-4C86-B98F-90B3D44265FB}.AppStore|iPhone.Deploy.0 = Debug|Any CPU
		{CF9B65E2-0939-4C86-B98F-90B3D44265FB}.AppStore|iPhoneSimulator.ActiveCfg = Debug|Any CPU
		{CF9B65E2-0939-4C86-B98F-90B3D44265FB}.AppStore|iPhoneSimulator.Build.0 = Debug|Any CPU
		{CF9B65E2-0939-4C86-B98F-90B3D44265FB}.AppStore|iPhoneSimulator.Deploy.0 = Debug|Any CPU
		{CF9B65E2-0939-4C86-B98F-90B3D44265FB}.Debug|Any CPU.ActiveCfg = Debug|Any CPU
		{CF9B65E2-0939-4C86-B98F-90B3D44265FB}.Debug|Any CPU.Build.0 = Debug|Any CPU
		{CF9B65E2-0939-4C86-B98F-90B3D44265FB}.Debug|Any CPU.Deploy.0 = Debug|Any CPU
		{CF9B65E2-0939-4C86-B98F-90B3D44265FB}.Debug|iPhone.ActiveCfg = Debug|Any CPU
		{CF9B65E2-0939-4C86-B98F-90B3D44265FB}.Debug|iPhone.Build.0 = Debug|Any CPU
		{CF9B65E2-0939-4C86-B98F-90B3D44265FB}.Debug|iPhone.Deploy.0 = Debug|Any CPU
		{CF9B65E2-0939-4C86-B98F-90B3D44265FB}.Debug|iPhoneSimulator.ActiveCfg = Debug|Any CPU
		{CF9B65E2-0939-4C86-B98F-90B3D44265FB}.Debug|iPhoneSimulator.Build.0 = Debug|Any CPU
		{CF9B65E2-0939-4C86-B98F-90B3D44265FB}.Debug|iPhoneSimulator.Deploy.0 = Debug|Any CPU
		{CF9B65E2-0939-4C86-B98F-90B3D44265FB}.Release|Any CPU.ActiveCfg = Release|Any CPU
		{CF9B65E2-0939-4C86-B98F-90B3D44265FB}.Release|Any CPU.Build.0 = Release|Any CPU
		{CF9B65E2-0939-4C86-B98F-90B3D44265FB}.Release|Any CPU.Deploy.0 = Release|Any CPU
		{CF9B65E2-0939-4C86-B98F-90B3D44265FB}.Release|iPhone.ActiveCfg = Release|Any CPU
		{CF9B65E2-0939-4C86-B98F-90B3D44265FB}.Release|iPhone.Build.0 = Release|Any CPU
		{CF9B65E2-0939-4C86-B98F-90B3D44265FB}.Release|iPhone.Deploy.0 = Release|Any CPU
		{CF9B65E2-0939-4C86-B98F-90B3D44265FB}.Release|iPhoneSimulator.ActiveCfg = Release|Any CPU
		{CF9B65E2-0939-4C86-B98F-90B3D44265FB}.Release|iPhoneSimulator.Build.0 = Release|Any CPU
		{CF9B65E2-0939-4C86-B98F-90B3D44265FB}.Release|iPhoneSimulator.Deploy.0 = Release|Any CPU
	EndGlobalSection
	GlobalSection(SolutionProperties) = preSolution
		HideSolutionNode = FALSE
	EndGlobalSection
	GlobalSection(ExtensibilityGlobals) = postSolution
		SolutionGuid = {DD5551E5-F8FB-47D2-983F-E1E0AB87F392}
	EndGlobalSection
EndGlobal
